
Microsoft Visual Studio Solution File, Format Version 12.00
# Visual Studio Version 16
VisualStudioVersion = 16.0.29324.140
MinimumVisualStudioVersion = 10.0.40219.1
Project("{9A19103F-16F7-4668-BE54-9A1E7A4F7556}") = "PartyBook.Server", "PartyBook\Server\PartyBook.Server.csproj", "{E041313F-6565-4D0C-8B7B-DE396E9E6FA4}"
EndProject
Project("{9A19103F-16F7-4668-BE54-9A1E7A4F7556}") = "PartyBook.Client", "PartyBook\Client\PartyBook.Client.csproj", "{16E4D7C0-28F0-48CC-90BC-E86E20F23609}"
EndProject
Project("{9A19103F-16F7-4668-BE54-9A1E7A4F7556}") = "PartyBook.ViewModels", "PartyBook\Shared\PartyBook.ViewModels.csproj", "{A3BE9ABD-868D-4E78-BBDD-9EC35F15CC18}"
EndProject
Project("{9A19103F-16F7-4668-BE54-9A1E7A4F7556}") = "PartyBook.Services.Mapping", "PartyBook.Services.Mapping\PartyBook.Services.Mapping.csproj", "{E42F9262-5942-4891-A741-7584B4A877AD}"
EndProject
Project("{9A19103F-16F7-4668-BE54-9A1E7A4F7556}") = "PartyBook.Common", "PartyBook.Common\PartyBook.Common.csproj", "{D7F2BECE-C1B7-43D6-A716-08482BC57C0B}"
EndProject
Project("{2150E333-8FDC-42A3-9474-1A3956D46DE8}") = "Data", "Data", "{200BABEE-4A31-4BFE-8EC3-53283A24000B}"
EndProject
Project("{9A19103F-16F7-4668-BE54-9A1E7A4F7556}") = "PartyBook.Data.Common", "PartyBook.Data.Common\PartyBook.Data.Common.csproj", "{83482139-C7EF-4F8F-98F2-93EDFD8C466C}"
EndProject
Project("{2150E333-8FDC-42A3-9474-1A3956D46DE8}") = "MicroServices", "MicroServices", "{597E5163-FA70-42DA-8ADE-AE368AC5D149}"
EndProject
Project("{9A19103F-16F7-4668-BE54-9A1E7A4F7556}") = "PartyBook.MicroServices.NightClub", "PartyBook.MicroServices.NightClub\PartyBook.MicroServices.NightClub.csproj", "{45BC9E71-FCD6-4204-874B-E25A33A65283}"
EndProject
Project("{9A19103F-16F7-4668-BE54-9A1E7A4F7556}") = "PartyBook.MicroServices.Review", "PartyBook.MicroServices.Review\PartyBook.MicroServices.Review.csproj", "{BB51B732-34DE-4621-826C-4683748F4776}"
EndProject
Project("{9A19103F-16F7-4668-BE54-9A1E7A4F7556}") = "PartyBook.MicroServices.Reservations", "PartyBook.MicroServices.Reservations\PartyBook.MicroServices.Reservations.csproj", "{5C5482A4-B41B-48CD-AAD8-82D262560A62}"
EndProject
Project("{9A19103F-16F7-4668-BE54-9A1E7A4F7556}") = "PartyBook.MicroServices.Statistics", "PartyBook.MicroServices.Statistics\PartyBook.MicroServices.Statistics.csproj", "{872BEB37-DABE-42D0-9D54-F7BF9625175A}"
EndProject
Project("{9A19103F-16F7-4668-BE54-9A1E7A4F7556}") = "PartyBook.MicroServices.Administration", "PartyBook.MicroServices.Administration\PartyBook.MicroServices.Administration.csproj", "{9019F957-C172-453C-A431-194A14582F5C}"
EndProject
Project("{E53339B2-1760-4266-BCC7-CA923CBCF16C}") = "docker-compose", "docker-compose.dcproj", "{7C5F1435-9502-487C-9CB2-375A2E619CE2}"
EndProject
Project("{9A19103F-16F7-4668-BE54-9A1E7A4F7556}") = "PartyBook.Configurations", "PartyBook.Configurations\PartyBook.Configurations.csproj", "{B7A61569-073A-4F36-B3F3-72797BEABD91}"
EndProject
Project("{9A19103F-16F7-4668-BE54-9A1E7A4F7556}") = "PartyBook.Watchdog", "PartyBook.Watchdog\PartyBook.Watchdog.csproj", "{95940CCB-F51F-4150-89C8-3DA7F94EFD9E}"
EndProject
Global
	GlobalSection(SolutionConfigurationPlatforms) = preSolution
		Debug|Any CPU = Debug|Any CPU
		Release|Any CPU = Release|Any CPU
	EndGlobalSection
	GlobalSection(ProjectConfigurationPlatforms) = postSolution
		{E041313F-6565-4D0C-8B7B-DE396E9E6FA4}.Debug|Any CPU.ActiveCfg = Debug|Any CPU
		{E041313F-6565-4D0C-8B7B-DE396E9E6FA4}.Debug|Any CPU.Build.0 = Debug|Any CPU
		{E041313F-6565-4D0C-8B7B-DE396E9E6FA4}.Release|Any CPU.ActiveCfg = Release|Any CPU
		{E041313F-6565-4D0C-8B7B-DE396E9E6FA4}.Release|Any CPU.Build.0 = Release|Any CPU
		{16E4D7C0-28F0-48CC-90BC-E86E20F23609}.Debug|Any CPU.ActiveCfg = Debug|Any CPU
		{16E4D7C0-28F0-48CC-90BC-E86E20F23609}.Debug|Any CPU.Build.0 = Debug|Any CPU
		{16E4D7C0-28F0-48CC-90BC-E86E20F23609}.Release|Any CPU.ActiveCfg = Release|Any CPU
		{16E4D7C0-28F0-48CC-90BC-E86E20F23609}.Release|Any CPU.Build.0 = Release|Any CPU
		{A3BE9ABD-868D-4E78-BBDD-9EC35F15CC18}.Debug|Any CPU.ActiveCfg = Debug|Any CPU
		{A3BE9ABD-868D-4E78-BBDD-9EC35F15CC18}.Debug|Any CPU.Build.0 = Debug|Any CPU
		{A3BE9ABD-868D-4E78-BBDD-9EC35F15CC18}.Release|Any CPU.ActiveCfg = Release|Any CPU
		{A3BE9ABD-868D-4E78-BBDD-9EC35F15CC18}.Release|Any CPU.Build.0 = Release|Any CPU
		{E42F9262-5942-4891-A741-7584B4A877AD}.Debug|Any CPU.ActiveCfg = Debug|Any CPU
		{E42F9262-5942-4891-A741-7584B4A877AD}.Debug|Any CPU.Build.0 = Debug|Any CPU
		{E42F9262-5942-4891-A741-7584B4A877AD}.Release|Any CPU.ActiveCfg = Release|Any CPU
		{E42F9262-5942-4891-A741-7584B4A877AD}.Release|Any CPU.Build.0 = Release|Any CPU
		{D7F2BECE-C1B7-43D6-A716-08482BC57C0B}.Debug|Any CPU.ActiveCfg = Debug|Any CPU
		{D7F2BECE-C1B7-43D6-A716-08482BC57C0B}.Debug|Any CPU.Build.0 = Debug|Any CPU
		{D7F2BECE-C1B7-43D6-A716-08482BC57C0B}.Release|Any CPU.ActiveCfg = Release|Any CPU
		{D7F2BECE-C1B7-43D6-A716-08482BC57C0B}.Release|Any CPU.Build.0 = Release|Any CPU
		{83482139-C7EF-4F8F-98F2-93EDFD8C466C}.Debug|Any CPU.ActiveCfg = Debug|Any CPU
		{83482139-C7EF-4F8F-98F2-93EDFD8C466C}.Debug|Any CPU.Build.0 = Debug|Any CPU
		{83482139-C7EF-4F8F-98F2-93EDFD8C466C}.Release|Any CPU.ActiveCfg = Release|Any CPU
		{83482139-C7EF-4F8F-98F2-93EDFD8C466C}.Release|Any CPU.Build.0 = Release|Any CPU
		{45BC9E71-FCD6-4204-874B-E25A33A65283}.Debug|Any CPU.ActiveCfg = Debug|Any CPU
		{45BC9E71-FCD6-4204-874B-E25A33A65283}.Debug|Any CPU.Build.0 = Debug|Any CPU
		{45BC9E71-FCD6-4204-874B-E25A33A65283}.Release|Any CPU.ActiveCfg = Release|Any CPU
		{45BC9E71-FCD6-4204-874B-E25A33A65283}.Release|Any CPU.Build.0 = Release|Any CPU
		{BB51B732-34DE-4621-826C-4683748F4776}.Debug|Any CPU.ActiveCfg = Debug|Any CPU
		{BB51B732-34DE-4621-826C-4683748F4776}.Debug|Any CPU.Build.0 = Debug|Any CPU
		{BB51B732-34DE-4621-826C-4683748F4776}.Release|Any CPU.ActiveCfg = Release|Any CPU
		{BB51B732-34DE-4621-826C-4683748F4776}.Release|Any CPU.Build.0 = Release|Any CPU
		{5C5482A4-B41B-48CD-AAD8-82D262560A62}.Debug|Any CPU.ActiveCfg = Debug|Any CPU
		{5C5482A4-B41B-48CD-AAD8-82D262560A62}.Debug|Any CPU.Build.0 = Debug|Any CPU
		{5C5482A4-B41B-48CD-AAD8-82D262560A62}.Release|Any CPU.ActiveCfg = Release|Any CPU
		{5C5482A4-B41B-48CD-AAD8-82D262560A62}.Release|Any CPU.Build.0 = Release|Any CPU
		{872BEB37-DABE-42D0-9D54-F7BF9625175A}.Debug|Any CPU.ActiveCfg = Debug|Any CPU
		{872BEB37-DABE-42D0-9D54-F7BF9625175A}.Debug|Any CPU.Build.0 = Debug|Any CPU
		{872BEB37-DABE-42D0-9D54-F7BF9625175A}.Release|Any CPU.ActiveCfg = Release|Any CPU
		{872BEB37-DABE-42D0-9D54-F7BF9625175A}.Release|Any CPU.Build.0 = Release|Any CPU
		{9019F957-C172-453C-A431-194A14582F5C}.Debug|Any CPU.ActiveCfg = Debug|Any CPU
		{9019F957-C172-453C-A431-194A14582F5C}.Debug|Any CPU.Build.0 = Debug|Any CPU
		{9019F957-C172-453C-A431-194A14582F5C}.Release|Any CPU.ActiveCfg = Release|Any CPU
		{9019F957-C172-453C-A431-194A14582F5C}.Release|Any CPU.Build.0 = Release|Any CPU
		{7C5F1435-9502-487C-9CB2-375A2E619CE2}.Debug|Any CPU.ActiveCfg = Debug|Any CPU
		{7C5F1435-9502-487C-9CB2-375A2E619CE2}.Debug|Any CPU.Build.0 = Debug|Any CPU
		{7C5F1435-9502-487C-9CB2-375A2E619CE2}.Release|Any CPU.ActiveCfg = Release|Any CPU
		{7C5F1435-9502-487C-9CB2-375A2E619CE2}.Release|Any CPU.Build.0 = Release|Any CPU
		{B7A61569-073A-4F36-B3F3-72797BEABD91}.Debug|Any CPU.ActiveCfg = Debug|Any CPU
		{B7A61569-073A-4F36-B3F3-72797BEABD91}.Debug|Any CPU.Build.0 = Debug|Any CPU
		{B7A61569-073A-4F36-B3F3-72797BEABD91}.Release|Any CPU.ActiveCfg = Release|Any CPU
		{B7A61569-073A-4F36-B3F3-72797BEABD91}.Release|Any CPU.Build.0 = Release|Any CPU
		{95940CCB-F51F-4150-89C8-3DA7F94EFD9E}.Debug|Any CPU.ActiveCfg = Debug|Any CPU
		{95940CCB-F51F-4150-89C8-3DA7F94EFD9E}.Debug|Any CPU.Build.0 = Debug|Any CPU
		{95940CCB-F51F-4150-89C8-3DA7F94EFD9E}.Release|Any CPU.ActiveCfg = Release|Any CPU
		{95940CCB-F51F-4150-89C8-3DA7F94EFD9E}.Release|Any CPU.Build.0 = Release|Any CPU
	EndGlobalSection
	GlobalSection(SolutionProperties) = preSolution
		HideSolutionNode = FALSE
	EndGlobalSection
	GlobalSection(NestedProjects) = preSolution
		{83482139-C7EF-4F8F-98F2-93EDFD8C466C} = {200BABEE-4A31-4BFE-8EC3-53283A24000B}
		{45BC9E71-FCD6-4204-874B-E25A33A65283} = {597E5163-FA70-42DA-8ADE-AE368AC5D149}
		{BB51B732-34DE-4621-826C-4683748F4776} = {597E5163-FA70-42DA-8ADE-AE368AC5D149}
		{5C5482A4-B41B-48CD-AAD8-82D262560A62} = {597E5163-FA70-42DA-8ADE-AE368AC5D149}
		{872BEB37-DABE-42D0-9D54-F7BF9625175A} = {597E5163-FA70-42DA-8ADE-AE368AC5D149}
		{9019F957-C172-453C-A431-194A14582F5C} = {597E5163-FA70-42DA-8ADE-AE368AC5D149}
	EndGlobalSection
	GlobalSection(ExtensibilityGlobals) = postSolution
		SolutionGuid = {95D8677D-B3BF-4F07-8C26-2ACC0CBC796C}
	EndGlobalSection
EndGlobal
