
Microsoft Visual Studio Solution File, Format Version 12.00
# Visual Studio Version 16
VisualStudioVersion = 16.0.29324.140
MinimumVisualStudioVersion = 10.0.40219.1
Project("{9A19103F-16F7-4668-BE54-9A1E7A4F7556}") = "PartyBook.Server", "PartyBook\Server\PartyBook.Server.csproj", "{E041313F-6565-4D0C-8B7B-DE396E9E6FA4}"
EndProject
Project("{9A19103F-16F7-4668-BE54-9A1E7A4F7556}") = "PartyBook.Client", "PartyBook\Client\PartyBook.Client.csproj", "{16E4D7C0-28F0-48CC-90BC-E86E20F23609}"
EndProject
Project("{9A19103F-16F7-4668-BE54-9A1E7A4F7556}") = "PartyBook.ViewModels", "PartyBook\Shared\PartyBook.ViewModels.csproj", "{A3BE9ABD-868D-4E78-BBDD-9EC35F15CC18}"
EndProject
Project("{9A19103F-16F7-4668-BE54-9A1E7A4F7556}") = "PartyBook.Services", "PartyBook.Services\PartyBook.Services.csproj", "{0174AF8A-A022-493E-BD1C-72C510BAE6C5}"
EndProject
Project("{9A19103F-16F7-4668-BE54-9A1E7A4F7556}") = "PartyBook.Data", "PartyBook.Data\PartyBook.Data.csproj", "{3448C71D-6A3B-41F8-81E6-06BAD97A652A}"
EndProject
Project("{FAE04EC0-301F-11D3-BF4B-00C04F79EFBC}") = "PartyBook.Services.Mapping", "PartyBook.Services.Mapping\PartyBook.Services.Mapping.csproj", "{E42F9262-5942-4891-A741-7584B4A877AD}"
EndProject
Global
	GlobalSection(SolutionConfigurationPlatforms) = preSolution
		Debug|Any CPU = Debug|Any CPU
		Release|Any CPU = Release|Any CPU
	EndGlobalSection
	GlobalSection(ProjectConfigurationPlatforms) = postSolution
		{E041313F-6565-4D0C-8B7B-DE396E9E6FA4}.Debug|Any CPU.ActiveCfg = Debug|Any CPU
		{E041313F-6565-4D0C-8B7B-DE396E9E6FA4}.Debug|Any CPU.Build.0 = Debug|Any CPU
		{E041313F-6565-4D0C-8B7B-DE396E9E6FA4}.Release|Any CPU.ActiveCfg = Release|Any CPU
		{E041313F-6565-4D0C-8B7B-DE396E9E6FA4}.Release|Any CPU.Build.0 = Release|Any CPU
		{16E4D7C0-28F0-48CC-90BC-E86E20F23609}.Debug|Any CPU.ActiveCfg = Debug|Any CPU
		{16E4D7C0-28F0-48CC-90BC-E86E20F23609}.Debug|Any CPU.Build.0 = Debug|Any CPU
		{16E4D7C0-28F0-48CC-90BC-E86E20F23609}.Release|Any CPU.ActiveCfg = Release|Any CPU
		{16E4D7C0-28F0-48CC-90BC-E86E20F23609}.Release|Any CPU.Build.0 = Release|Any CPU
		{A3BE9ABD-868D-4E78-BBDD-9EC35F15CC18}.Debug|Any CPU.ActiveCfg = Debug|Any CPU
		{A3BE9ABD-868D-4E78-BBDD-9EC35F15CC18}.Debug|Any CPU.Build.0 = Debug|Any CPU
		{A3BE9ABD-868D-4E78-BBDD-9EC35F15CC18}.Release|Any CPU.ActiveCfg = Release|Any CPU
		{A3BE9ABD-868D-4E78-BBDD-9EC35F15CC18}.Release|Any CPU.Build.0 = Release|Any CPU
		{0174AF8A-A022-493E-BD1C-72C510BAE6C5}.Debug|Any CPU.ActiveCfg = Debug|Any CPU
		{0174AF8A-A022-493E-BD1C-72C510BAE6C5}.Debug|Any CPU.Build.0 = Debug|Any CPU
		{0174AF8A-A022-493E-BD1C-72C510BAE6C5}.Release|Any CPU.ActiveCfg = Release|Any CPU
		{0174AF8A-A022-493E-BD1C-72C510BAE6C5}.Release|Any CPU.Build.0 = Release|Any CPU
		{3448C71D-6A3B-41F8-81E6-06BAD97A652A}.Debug|Any CPU.ActiveCfg = Debug|Any CPU
		{3448C71D-6A3B-41F8-81E6-06BAD97A652A}.Debug|Any CPU.Build.0 = Debug|Any CPU
		{3448C71D-6A3B-41F8-81E6-06BAD97A652A}.Release|Any CPU.ActiveCfg = Release|Any CPU
		{3448C71D-6A3B-41F8-81E6-06BAD97A652A}.Release|Any CPU.Build.0 = Release|Any CPU
		{E42F9262-5942-4891-A741-7584B4A877AD}.Debug|Any CPU.ActiveCfg = Debug|Any CPU
		{E42F9262-5942-4891-A741-7584B4A877AD}.Debug|Any CPU.Build.0 = Debug|Any CPU
		{E42F9262-5942-4891-A741-7584B4A877AD}.Release|Any CPU.ActiveCfg = Release|Any CPU
		{E42F9262-5942-4891-A741-7584B4A877AD}.Release|Any CPU.Build.0 = Release|Any CPU
	EndGlobalSection
	GlobalSection(SolutionProperties) = preSolution
		HideSolutionNode = FALSE
	EndGlobalSection
	GlobalSection(ExtensibilityGlobals) = postSolution
		SolutionGuid = {95D8677D-B3BF-4F07-8C26-2ACC0CBC796C}
	EndGlobalSection
EndGlobal
